
Microsoft Visual Studio Solution File, Format Version 12.00
# Visual Studio Version 17
VisualStudioVersion = 17.1.31911.260
MinimumVisualStudioVersion = 10.0.40219.1
Project("{FAE04EC0-301F-11D3-BF4B-00C04F79EFBC}") = "IMLCGui", "IMLCGui\IMLCGui.csproj", "{C8AE79D9-F822-4495-8930-47027624D17A}"
EndProject
Global
	GlobalSection(SolutionConfigurationPlatforms) = preSolution
		Debug|Any CPU = Debug|Any CPU
		Release|Any CPU = Release|Any CPU
	EndGlobalSection
	GlobalSection(ProjectConfigurationPlatforms) = postSolution
		{C8AE79D9-F822-4495-8930-47027624D17A}.Debug|Any CPU.ActiveCfg = Debug|Any CPU
		{C8AE79D9-F822-4495-8930-47027624D17A}.Debug|Any CPU.Build.0 = Debug|Any CPU
		{C8AE79D9-F822-4495-8930-47027624D17A}.Release|Any CPU.ActiveCfg = Release|Any CPU
		{C8AE79D9-F822-4495-8930-47027624D17A}.Release|Any CPU.Build.0 = Release|Any CPU
	EndGlobalSection
	GlobalSection(SolutionProperties) = preSolution
		HideSolutionNode = FALSE
	EndGlobalSection
	GlobalSection(ExtensibilityGlobals) = postSolution
		SolutionGuid = {35CEAC3D-60E5-439C-8055-33D7D4A140D2}
	EndGlobalSection
EndGlobal
